{
  "nodes": {
    "agenix": {
      "inputs": {
        "darwin": "darwin",
        "home-manager": "home-manager",
        "nixpkgs": [
          "nixpkgs"
        ],
        "systems": "systems"
      },
      "locked": {
        "lastModified": 1770165109,
        "narHash": "sha256-9VnK6Oqai65puVJ4WYtCTvlJeXxMzAp/69HhQuTdl/I=",
        "ref": "refs/heads/main",
        "rev": "b027ee29d959fda4b60b57566d64c98a202e0feb",
        "shallow": true,
        "type": "git",
        "url": "https://github.com/ryantm/agenix.git"
      },
      "original": {
        "shallow": true,
        "type": "git",
        "url": "https://github.com/ryantm/agenix.git"
      }
    },
    "darwin": {
      "inputs": {
        "nixpkgs": [
          "agenix",
          "nixpkgs"
        ]
      },
      "locked": {
        "lastModified": 1744478979,
        "narHash": "sha256-dyN+teG9G82G+m+PX/aSAagkC+vUv0SgUw3XkPhQodQ=",
        "owner": "lnl7",
        "repo": "nix-darwin",
        "rev": "43975d782b418ebf4969e9ccba82466728c2851b",
        "type": "github"
      },
      "original": {
        "owner": "lnl7",
        "ref": "master",
        "repo": "nix-darwin",
        "type": "github"
      }
    },
    "helium": {
      "inputs": {
        "nixpkgs": [
          "nixpkgs"
        ],
        "nixpkgs-darwin": "nixpkgs-darwin",
        "utils": "utils"
      },
      "locked": {
        "lastModified": 1790136667,
        "narHash": "sha256-jDZGTIxMg4l8Z0vHYZAYl9oUJeZvPx0pGSm6CvtSXv8=",
        "ref": "refs/heads/main",
        "rev": "cb5943d09f182b66493d1988ebefe3f504e4fe1d",
        "shallow": true,
        "type": "git",
        "url": "https://github.com/schembriaiden/helium-browser-nix-flake.git"
      },
      "original": {
        "shallow": true,
        "type": "git",
        "url": "https://github.com/schembriaiden/helium-browser-nix-flake.git"
      }
    },
    "home-manager": {
      "inputs": {
        "nixpkgs": [
          "agenix",
          "nixpkgs"
        ]
      },
      "locked": {
        "lastModified": 1745494811,
        "narHash": "sha256-YZCh2o9Ua1n9uCvrvi5pRxtuVNml8X2a03qIFfRKpFs=",
        "owner": "nix-community",
        "repo": "home-manager",
        "rev": "abfad3d2958c9e6300a883bd443512c55dfeb1be",
        "type": "github"
      },
      "original": {
        "owner": "nix-community",
        "repo": "home-manager",
        "type": "github"
      }
    },
    "home-manager_2": {
      "inputs": {
        "nixpkgs": [
          "nixpkgs"
        ]
      },
      "locked": {
        "lastModified": 1790215976,
        "narHash": "sha256-VkR1rMGyjU9jtw8ISFx5uqR9e+LEaOlhHwrseFkiIVk=",
        "ref": "release-26.05",
        "rev": "a6631107a83ceab5872f298a2ea710859c80c4cb",
        "shallow": true,
        "type": "git",
        "url": "https://github.com/nix-community/home-manager.git"
      },
      "original": {
        "ref": "release-26.05",
        "shallow": true,
        "type": "git",
        "url": "https://github.com/nix-community/home-manager.git"
      }
    },
    "nixpkgs": {
      "locked": {
        "lastModified": 1790113641,
        "narHash": "sha256-D2aaQetafdpHxbwA4ldAxs51UX0b11pXL+JL/5L8VrM=",
        "ref": "nixos-26.05",
        "rev": "1bc55b9def8165e82073919945c3239903fe4dc2",
        "shallow": true,
        "type": "git",
        "url": "https://github.com/NixOS/nixpkgs.git"
      },
      "original": {
        "ref": "nixos-26.05",
        "shallow": true,
        "type": "git",
        "url": "https://github.com/NixOS/nixpkgs.git"
      }
    },
    "nixpkgs-darwin": {
      "locked": {
        "lastModified": 1790071232,
        "narHash": "sha256-S27lKsLB2rrtg/OfNIRsFTJJWXv1FLAhapm/P8HM2V8=",
        "owner": "NixOS",
        "repo": "nixpkgs",
        "rev": "e9b6aa075c9364c5d152b7657c41349998391daf",
        "type": "github"
      },
      "original": {
        "owner": "NixOS",
        "ref": "nixpkgs-26.05-darwin",
        "repo": "nixpkgs",
        "type": "github"
      }
    },
    "nixpkgs-unstable": {
      "locked": {
        "lastModified": 1790178388,
        "narHash": "sha256-kK3t7gwoz4Nx8RF46cs1Xz/skKNcK7y3KYP+gGqX6W8=",
        "ref": "nixpkgs-unstable",
        "rev": "00455b0a3690d3f5dc61e9aef4277dc86235b73f",
        "shallow": true,
        "type": "git",
        "url": "https://github.com/NixOS/nixpkgs.git"
      },
      "original": {
        "ref": "nixpkgs-unstable",
        "shallow": true,
        "type": "git",
        "url": "https://github.com/NixOS/nixpkgs.git"
      }
    },
    "noctalia": {
      "inputs": {
        "nixpkgs": [
          "nixpkgs"
        ]
      },
      "locked": {
        "lastModified": 1790216406,
        "narHash": "sha256-zgbWwUct2HqPpAWO0v3xot1qddJ5QDADHq+JW/jaGlM=",
        "ref": "refs/heads/main",
        "rev": "58f71922ea9ad5aa7225e88f2da80c976cc17005",
        "shallow": true,
        "type": "git",
        "url": "https://github.com/noctalia-dev/noctalia.git"
      },
      "original": {
        "shallow": true,
        "type": "git",
        "url": "https://github.com/noctalia-dev/noctalia.git"
      }
    },
    "res-moqi-rime": {
      "flake": false,
      "locked": {
        "lastModified": 1790043832,
        "narHash": "sha256-rhWu8LOF0ATHGTOzG83hcU8ODdQ+DQf5ruwOU9WWvQ0=",
        "ref": "refs/heads/main",
        "rev": "c7c6de782c14c27541f7a8ce12be900f1f046f43",
        "shallow": true,
        "type": "git",
        "url": "https://github.com/gaboolic/rime-shuangpin-fuzhuma.git"
      },
      "original": {
        "shallow": true,
        "type": "git",
        "url": "https://github.com/gaboolic/rime-shuangpin-fuzhuma.git"
      }
    },
    "root": {
      "inputs": {
        "agenix": "agenix",
        "helium": "helium",
        "home-manager": "home-manager_2",
        "nixpkgs": "nixpkgs",
        "nixpkgs-unstable": "nixpkgs-unstable",
        "noctalia": "noctalia",
        "res-moqi-rime": "res-moqi-rime",
        "rust-overlay": "rust-overlay"
      }
    },
    "rust-overlay": {
      "inputs": {
        "nixpkgs": [
          "nixpkgs"
        ]
      },
      "locked": {
        "lastModified": 1790234952,
        "narHash": "sha256-tjQa1vDoHJir4lasZTakz/xgmsfB6SRjeQqaIbefFOk=",
        "ref": "refs/heads/master",
        "rev": "ed34466c59b766481248959a21a6e46cf0c60468",
        "shallow": true,
        "type": "git",
        "url": "https://github.com/oxalica/rust-overlay"
      },
      "original": {
        "shallow": true,
        "type": "git",
        "url": "https://github.com/oxalica/rust-overlay"
      }
    },
    "systems": {
      "locked": {
        "lastModified": 1681028828,
        "narHash": "sha256-Vy1rq5AaRuLzOxct8nz4T6wlgyUR7zLU309k9mBC768=",
        "owner": "nix-systems",
        "repo": "default",
        "rev": "da67096a3b9bf56a91d16901293e51ba5b49a27e",
        "type": "github"
      },
      "original": {
        "owner": "nix-systems",
        "repo": "default",
        "type": "github"
      }
    },
    "systems_2": {
      "locked": {
        "lastModified": 1681028828,
        "narHash": "sha256-Vy1rq5AaRuLzOxct8nz4T6wlgyUR7zLU309k9mBC768=",
        "owner": "nix-systems",
        "repo": "default",
        "rev": "da67096a3b9bf56a91d16901293e51ba5b49a27e",
        "type": "github"
      },
      "original": {
        "owner": "nix-systems",
        "repo": "default",
        "type": "github"
      }
    },
    "utils": {
      "inputs": {
        "systems": "systems_2"
      },
      "locked": {
        "lastModified": 1731533236,
        "narHash": "sha256-l0KFg5HjrsfsO/JpG+r7fRrqm12kzFHyUHqHCVpMMbI=",
        "owner": "numtide",
        "repo": "flake-utils",
        "rev": "11707dc2f618dd54ca8739b309ec4fc024de578b",
        "type": "github"
      },
      "original": {
        "owner": "numtide",
        "repo": "flake-utils",
        "type": "github"
      }
    }
  },
  "root": "root",
  "version": 7
}
