{
  "nodes": {
    "agenix": {
      "inputs": {
        "nixpkgs": [
          "nixpkgs"
        ]
      },
      "locked": {
        "lastModified": 1790555459,
        "narHash": "sha256-ftyJcr21FzMLq4hnzg3COo7gITOkJ4j+ey0miWCTU3U=",
        "ref": "refs/heads/main",
        "rev": "b485690a7c97b3793a41dd57edfb05ac84343813",
        "shallow": true,
        "type": "git",
        "url": "https://github.com/ryantm/agenix.git"
      },
      "original": {
        "shallow": true,
        "type": "git",
        "url": "https://github.com/ryantm/agenix.git"
      }
    },
    "helium": {
      "inputs": {
        "nixpkgs": [
          "nixpkgs"
        ],
        "nixpkgs-darwin": "nixpkgs-darwin",
        "utils": "utils"
      },
      "locked": {
        "lastModified": 1790410773,
        "narHash": "sha256-PT3bAvBoht8N9MUj9zUuA1HgSbzlDI+KqDmXStMeiq0=",
        "ref": "refs/heads/main",
        "rev": "2f6586322d82beb2a50b01b129dea7dd7895d925",
        "shallow": true,
        "type": "git",
        "url": "https://github.com/schembriaiden/helium-browser-nix-flake.git"
      },
      "original": {
        "shallow": true,
        "type": "git",
        "url": "https://github.com/schembriaiden/helium-browser-nix-flake.git"
      }
    },
    "home-manager": {
      "inputs": {
        "nixpkgs": [
          "nixpkgs"
        ]
      },
      "locked": {
        "lastModified": 1790215976,
        "narHash": "sha256-VkR1rMGyjU9jtw8ISFx5uqR9e+LEaOlhHwrseFkiIVk=",
        "ref": "release-26.05",
        "rev": "a6631107a83ceab5872f298a2ea710859c80c4cb",
        "shallow": true,
        "type": "git",
        "url": "https://github.com/nix-community/home-manager.git"
      },
      "original": {
        "ref": "release-26.05",
        "shallow": true,
        "type": "git",
        "url": "https://github.com/nix-community/home-manager.git"
      }
    },
    "nixpkgs": {
      "locked": {
        "lastModified": 1790533781,
        "narHash": "sha256-F+b8u43BVF5DlM0pz7JQSbtbwKy5PrHIT5zQUekXsD0=",
        "ref": "nixos-26.05",
        "rev": "cf5e76507c6e23b59f7e0ffcc7baa2a39ddd8442",
        "shallow": true,
        "type": "git",
        "url": "https://github.com/NixOS/nixpkgs.git"
      },
      "original": {
        "ref": "nixos-26.05",
        "shallow": true,
        "type": "git",
        "url": "https://github.com/NixOS/nixpkgs.git"
      }
    },
    "nixpkgs-darwin": {
      "locked": {
        "lastModified": 1790117938,
        "narHash": "sha256-KgxFEzwzcmyNe4mqlYtsZjzy40mLcNVKtaeoCf5tCGg=",
        "owner": "NixOS",
        "repo": "nixpkgs",
        "rev": "bd495b825e5c4365131f9b744cce923d42c06158",
        "type": "github"
      },
      "original": {
        "owner": "NixOS",
        "ref": "nixpkgs-26.05-darwin",
        "repo": "nixpkgs",
        "type": "github"
      }
    },
    "nixpkgs-unstable": {
      "locked": {
        "lastModified": 1790510107,
        "narHash": "sha256-EVMNYv7hYDDD9TGVT/hIyTYgpiXA8y3m5xIEIxuGNU0=",
        "ref": "nixpkgs-unstable",
        "rev": "3181085bfd08663b6b9e60bc7a8395c2aaa741bd",
        "shallow": true,
        "type": "git",
        "url": "https://github.com/NixOS/nixpkgs.git"
      },
      "original": {
        "ref": "nixpkgs-unstable",
        "shallow": true,
        "type": "git",
        "url": "https://github.com/NixOS/nixpkgs.git"
      }
    },
    "noctalia": {
      "inputs": {
        "nixpkgs": [
          "nixpkgs"
        ]
      },
      "locked": {
        "lastModified": 1790523212,
        "narHash": "sha256-Z8SuI0YgAZaF0sumKPBF85PxPtTjpo8jvtphbgoITv8=",
        "ref": "refs/heads/main",
        "rev": "08c30392b1350b4f3d3fb77e23732560559f1638",
        "shallow": true,
        "type": "git",
        "url": "https://github.com/noctalia-dev/noctalia.git"
      },
      "original": {
        "shallow": true,
        "type": "git",
        "url": "https://github.com/noctalia-dev/noctalia.git"
      }
    },
    "res-moqi-rime": {
      "flake": false,
      "locked": {
        "lastModified": 1790043832,
        "narHash": "sha256-rhWu8LOF0ATHGTOzG83hcU8ODdQ+DQf5ruwOU9WWvQ0=",
        "ref": "refs/heads/main",
        "rev": "c7c6de782c14c27541f7a8ce12be900f1f046f43",
        "shallow": true,
        "type": "git",
        "url": "https://github.com/gaboolic/rime-shuangpin-fuzhuma.git"
      },
      "original": {
        "shallow": true,
        "type": "git",
        "url": "https://github.com/gaboolic/rime-shuangpin-fuzhuma.git"
      }
    },
    "root": {
      "inputs": {
        "agenix": "agenix",
        "helium": "helium",
        "home-manager": "home-manager",
        "nixpkgs": "nixpkgs",
        "nixpkgs-unstable": "nixpkgs-unstable",
        "noctalia": "noctalia",
        "res-moqi-rime": "res-moqi-rime",
        "rust-overlay": "rust-overlay"
      }
    },
    "rust-overlay": {
      "inputs": {
        "nixpkgs": [
          "nixpkgs"
        ]
      },
      "locked": {
        "lastModified": 1790495762,
        "narHash": "sha256-26FbceKgybcbwkIvs2yHsF5jHcWLEkITYg5g9WPSy64=",
        "ref": "refs/heads/master",
        "rev": "edea2d6f98b1e5f64ce5ac21e19a96c603c20b8c",
        "shallow": true,
        "type": "git",
        "url": "https://github.com/oxalica/rust-overlay"
      },
      "original": {
        "shallow": true,
        "type": "git",
        "url": "https://github.com/oxalica/rust-overlay"
      }
    },
    "systems": {
      "locked": {
        "lastModified": 1681028828,
        "narHash": "sha256-Vy1rq5AaRuLzOxct8nz4T6wlgyUR7zLU309k9mBC768=",
        "owner": "nix-systems",
        "repo": "default",
        "rev": "da67096a3b9bf56a91d16901293e51ba5b49a27e",
        "type": "github"
      },
      "original": {
        "owner": "nix-systems",
        "repo": "default",
        "type": "github"
      }
    },
    "utils": {
      "inputs": {
        "systems": "systems"
      },
      "locked": {
        "lastModified": 1731533236,
        "narHash": "sha256-l0KFg5HjrsfsO/JpG+r7fRrqm12kzFHyUHqHCVpMMbI=",
        "owner": "numtide",
        "repo": "flake-utils",
        "rev": "11707dc2f618dd54ca8739b309ec4fc024de578b",
        "type": "github"
      },
      "original": {
        "owner": "numtide",
        "repo": "flake-utils",
        "type": "github"
      }
    }
  },
  "root": "root",
  "version": 7
}
