{
  "nodes": {
    "agenix": {
      "inputs": {
        "darwin": "darwin",
        "home-manager": "home-manager",
        "nixpkgs": [
          "nixpkgs"
        ],
        "systems": "systems"
      },
      "locked": {
        "lastModified": 1770165109,
        "narHash": "sha256-9VnK6Oqai65puVJ4WYtCTvlJeXxMzAp/69HhQuTdl/I=",
        "ref": "refs/heads/main",
        "rev": "b027ee29d959fda4b60b57566d64c98a202e0feb",
        "shallow": true,
        "type": "git",
        "url": "https://github.com/ryantm/agenix.git"
      },
      "original": {
        "shallow": true,
        "type": "git",
        "url": "https://github.com/ryantm/agenix.git"
      }
    },
    "darwin": {
      "inputs": {
        "nixpkgs": [
          "agenix",
          "nixpkgs"
        ]
      },
      "locked": {
        "lastModified": 1744478979,
        "narHash": "sha256-dyN+teG9G82G+m+PX/aSAagkC+vUv0SgUw3XkPhQodQ=",
        "owner": "lnl7",
        "repo": "nix-darwin",
        "rev": "43975d782b418ebf4969e9ccba82466728c2851b",
        "type": "github"
      },
      "original": {
        "owner": "lnl7",
        "ref": "master",
        "repo": "nix-darwin",
        "type": "github"
      }
    },
    "helium": {
      "inputs": {
        "nixpkgs": [
          "nixpkgs"
        ],
        "nixpkgs-darwin": "nixpkgs-darwin",
        "utils": "utils"
      },
      "locked": {
        "lastModified": 1786641321,
        "narHash": "sha256-ildAt3Bt9IqADHN5mQ9g0kO5l9fDkJ3huk5N9HHNGvk=",
        "ref": "refs/heads/main",
        "rev": "8a9a0c56848458b6954951cb7bc4711f9141bd3f",
        "shallow": true,
        "type": "git",
        "url": "https://github.com/schembriaiden/helium-browser-nix-flake.git"
      },
      "original": {
        "shallow": true,
        "type": "git",
        "url": "https://github.com/schembriaiden/helium-browser-nix-flake.git"
      }
    },
    "home-manager": {
      "inputs": {
        "nixpkgs": [
          "agenix",
          "nixpkgs"
        ]
      },
      "locked": {
        "lastModified": 1745494811,
        "narHash": "sha256-YZCh2o9Ua1n9uCvrvi5pRxtuVNml8X2a03qIFfRKpFs=",
        "owner": "nix-community",
        "repo": "home-manager",
        "rev": "abfad3d2958c9e6300a883bd443512c55dfeb1be",
        "type": "github"
      },
      "original": {
        "owner": "nix-community",
        "repo": "home-manager",
        "type": "github"
      }
    },
    "home-manager_2": {
      "inputs": {
        "nixpkgs": [
          "nixpkgs"
        ]
      },
      "locked": {
        "lastModified": 1785119570,
        "narHash": "sha256-Rgs2xKnGLFWQscxUaXX07oyZeuMDOHEbqDOsgliLFGM=",
        "ref": "release-26.05",
        "rev": "d4fd24667c8cbef124bb70a20380cab75ec8474d",
        "shallow": true,
        "type": "git",
        "url": "https://github.com/nix-community/home-manager.git"
      },
      "original": {
        "ref": "release-26.05",
        "shallow": true,
        "type": "git",
        "url": "https://github.com/nix-community/home-manager.git"
      }
    },
    "nixpkgs": {
      "locked": {
        "lastModified": 1786711500,
        "narHash": "sha256-QvnceIGTBeDvDd9oCn+GvdsnkquliuwbVgpiRH68qaQ=",
        "ref": "nixos-26.05",
        "rev": "02e08985a27c65ffd33d434eeb2e660a2e4dc84d",
        "shallow": true,
        "type": "git",
        "url": "https://github.com/NixOS/nixpkgs.git"
      },
      "original": {
        "ref": "nixos-26.05",
        "shallow": true,
        "type": "git",
        "url": "https://github.com/NixOS/nixpkgs.git"
      }
    },
    "nixpkgs-darwin": {
      "locked": {
        "lastModified": 1786444855,
        "narHash": "sha256-Uu0Qa0gg5Ztgl7EYhAEIDy0jJioPPP43zLqSNoMlAV4=",
        "owner": "NixOS",
        "repo": "nixpkgs",
        "rev": "2e49fce950fece113519c5d75da869601d01550f",
        "type": "github"
      },
      "original": {
        "owner": "NixOS",
        "ref": "nixpkgs-26.05-darwin",
        "repo": "nixpkgs",
        "type": "github"
      }
    },
    "nixpkgs-unstable": {
      "locked": {
        "lastModified": 1786719841,
        "narHash": "sha256-QcpQOT0NQEFkI77t+YXPZqDJc35iIodG7zinieOwFUg=",
        "ref": "nixpkgs-unstable",
        "rev": "8be7bd0c83f12e2e3bbba07c9044d6fed9e66f7f",
        "shallow": true,
        "type": "git",
        "url": "https://github.com/NixOS/nixpkgs.git"
      },
      "original": {
        "ref": "nixpkgs-unstable",
        "shallow": true,
        "type": "git",
        "url": "https://github.com/NixOS/nixpkgs.git"
      }
    },
    "noctalia": {
      "inputs": {
        "nixpkgs": [
          "nixpkgs"
        ]
      },
      "locked": {
        "lastModified": 1786848140,
        "narHash": "sha256-PqESiwWHWmghLYhZJ9vFDKvqRQ3Zu8F0j8XDjFqNBHo=",
        "ref": "refs/heads/main",
        "rev": "abb75a06326d708b85a7ebe1f390ee8b8fd1c0f8",
        "shallow": true,
        "type": "git",
        "url": "https://github.com/noctalia-dev/noctalia.git"
      },
      "original": {
        "shallow": true,
        "type": "git",
        "url": "https://github.com/noctalia-dev/noctalia.git"
      }
    },
    "res-moqi-rime": {
      "flake": false,
      "locked": {
        "lastModified": 1783600437,
        "narHash": "sha256-+mmbb3/qoNSHe8+RmkFezr2x+5t+2hYqQ0FqgGxsRgM=",
        "ref": "refs/heads/main",
        "rev": "0991dfdca02f9c89c856abeb83f32da8fd7885cd",
        "shallow": true,
        "type": "git",
        "url": "https://github.com/gaboolic/rime-shuangpin-fuzhuma.git"
      },
      "original": {
        "shallow": true,
        "type": "git",
        "url": "https://github.com/gaboolic/rime-shuangpin-fuzhuma.git"
      }
    },
    "root": {
      "inputs": {
        "agenix": "agenix",
        "helium": "helium",
        "home-manager": "home-manager_2",
        "nixpkgs": "nixpkgs",
        "nixpkgs-unstable": "nixpkgs-unstable",
        "noctalia": "noctalia",
        "res-moqi-rime": "res-moqi-rime",
        "rust-overlay": "rust-overlay"
      }
    },
    "rust-overlay": {
      "inputs": {
        "nixpkgs": [
          "nixpkgs"
        ]
      },
      "locked": {
        "lastModified": 1786849542,
        "narHash": "sha256-MS8cOa/ii1+QA8R3JWVzqEIoXimu9n50GwQDiBVTFOM=",
        "ref": "refs/heads/master",
        "rev": "b211eadeba8b180da9453ec3413a8a3535c85b3f",
        "shallow": true,
        "type": "git",
        "url": "https://github.com/oxalica/rust-overlay"
      },
      "original": {
        "shallow": true,
        "type": "git",
        "url": "https://github.com/oxalica/rust-overlay"
      }
    },
    "systems": {
      "locked": {
        "lastModified": 1681028828,
        "narHash": "sha256-Vy1rq5AaRuLzOxct8nz4T6wlgyUR7zLU309k9mBC768=",
        "owner": "nix-systems",
        "repo": "default",
        "rev": "da67096a3b9bf56a91d16901293e51ba5b49a27e",
        "type": "github"
      },
      "original": {
        "owner": "nix-systems",
        "repo": "default",
        "type": "github"
      }
    },
    "systems_2": {
      "locked": {
        "lastModified": 1681028828,
        "narHash": "sha256-Vy1rq5AaRuLzOxct8nz4T6wlgyUR7zLU309k9mBC768=",
        "owner": "nix-systems",
        "repo": "default",
        "rev": "da67096a3b9bf56a91d16901293e51ba5b49a27e",
        "type": "github"
      },
      "original": {
        "owner": "nix-systems",
        "repo": "default",
        "type": "github"
      }
    },
    "utils": {
      "inputs": {
        "systems": "systems_2"
      },
      "locked": {
        "lastModified": 1731533236,
        "narHash": "sha256-l0KFg5HjrsfsO/JpG+r7fRrqm12kzFHyUHqHCVpMMbI=",
        "owner": "numtide",
        "repo": "flake-utils",
        "rev": "11707dc2f618dd54ca8739b309ec4fc024de578b",
        "type": "github"
      },
      "original": {
        "owner": "numtide",
        "repo": "flake-utils",
        "type": "github"
      }
    }
  },
  "root": "root",
  "version": 7
}
